
Microsoft Visual Studio Solution File, Format Version 12.00
# Visual Studio Version 16
VisualStudioVersion = 16.0.30804.86
MinimumVisualStudioVersion = 10.0.40219.1
Project("{9A19103F-16F7-4668-BE54-9A1E7A4F7556}") = "HelpDeskService", "HelpDeskService.csproj", "{36BB23FE-10E4-4E92-AB8B-2A9401A00CE5}"
EndProject
Project("{9A19103F-16F7-4668-BE54-9A1E7A4F7556}") = "EmailService", "..\EmailService\EmailService.csproj", "{04F3E59D-DF7F-4222-80B0-C51747D18FBC}"
EndProject
Global
	GlobalSection(SolutionConfigurationPlatforms) = preSolution
		Debug|Any CPU = Debug|Any CPU
		Release|Any CPU = Release|Any CPU
	EndGlobalSection
	GlobalSection(ProjectConfigurationPlatforms) = postSolution
		{36BB23FE-10E4-4E92-AB8B-2A9401A00CE5}.Debug|Any CPU.ActiveCfg = Debug|Any CPU
		{36BB23FE-10E4-4E92-AB8B-2A9401A00CE5}.Debug|Any CPU.Build.0 = Debug|Any CPU
		{36BB23FE-10E4-4E92-AB8B-2A9401A00CE5}.Release|Any CPU.ActiveCfg = Release|Any CPU
		{36BB23FE-10E4-4E92-AB8B-2A9401A00CE5}.Release|Any CPU.Build.0 = Release|Any CPU
		{04F3E59D-DF7F-4222-80B0-C51747D18FBC}.Debug|Any CPU.ActiveCfg = Debug|Any CPU
		{04F3E59D-DF7F-4222-80B0-C51747D18FBC}.Debug|Any CPU.Build.0 = Debug|Any CPU
		{04F3E59D-DF7F-4222-80B0-C51747D18FBC}.Release|Any CPU.ActiveCfg = Release|Any CPU
		{04F3E59D-DF7F-4222-80B0-C51747D18FBC}.Release|Any CPU.Build.0 = Release|Any CPU
	EndGlobalSection
	GlobalSection(SolutionProperties) = preSolution
		HideSolutionNode = FALSE
	EndGlobalSection
	GlobalSection(ExtensibilityGlobals) = postSolution
		SolutionGuid = {46736A9B-0621-48B8-A796-7B7977C7CD64}
	EndGlobalSection
EndGlobal
